{
    "_meta": {
        "hash": {
            "sha256": "809beb5457141e4d1ba0d2bf9e3293381216828a955cb5690e797387db03d97d"
        },
        "pipfile-spec": 6,
        "requires": {
            "python_version": "3.13"
        },
        "sources": [
            {
                "name": "pypi",
                "url": "https://pypi.org/simple",
                "verify_ssl": true
            }
        ]
    },
    "default": {
        "asgiref": {
            "hashes": [
                "sha256:5f184dc43b7e763efe848065441eac62229c9f7b0475f41f80e207a114eda4ce",
                "sha256:e8667a091e69529631969fd45dc268fa79b99c92c5fcdda727757e52146ec133"
            ],
            "index": "pypi",
            "markers": "python_version >= '3.9'",
            "version": "==3.11.1"
        },
        "certifi": {
            "hashes": [
                "sha256:027692e4402ad994f1c42e52a4997a9763c646b73e4096e4d5d6db8af1d6f0fa",
                "sha256:e887ab5cee78ea814d3472169153c2d12cd43b14bd03329a39a9c6e2e80bfba7"
            ],
            "index": "pypi",
            "markers": "python_version >= '3.7'",
            "version": "==2026.2.25"
        },
        "distlib": {
            "hashes": [
                "sha256:9659f7d87e46584a30b5780e43ac7a2143098441670ff0a49d5f9034c54a6c16",
                "sha256:feec40075be03a04501a973d81f633735b4b69f98b05450592310c0f401a4e0d"
            ],
            "index": "pypi",
            "version": "==0.4.0"
        },
        "django": {
            "hashes": [
                "sha256:2e5974441491ddb34c3f13d5e7a9f97b07ba03bf70234c0a9c68b79bbb235bc3",
                "sha256:90be765ee756af8a6cbd6693e56452404b5ad15294f4d5e40c0a55a0f4870fe1"
            ],
            "index": "pypi",
            "markers": "python_version >= '3.12'",
            "version": "==6.0.3"
        },
        "django-debug-toolbar": {
            "hashes": [
                "sha256:1575461954e6befa720e999dec13fe4f1cc8baf40b6c3ac2aec5f340c0f9c85f",
                "sha256:dc1c174d8fb0ea01435e02d9ceef735cf62daf37c1a6a5692d33b4127327679b"
            ],
            "index": "pypi",
            "markers": "python_version >= '3.10'",
            "version": "==6.2.0"
        },
        "filelock": {
            "hashes": [
                "sha256:b64ece2b38f4ca29dd3e810287aa8c48182bbecd1ae6e9ae126c9b35f1382694",
                "sha256:ca8afb0da15f229774c9ad1b455ed96e85a81373065fb10446672f64444ddf70"
            ],
            "index": "pypi",
            "markers": "python_version >= '3.10'",
            "version": "==3.25.2"
        },
        "packaging": {
            "hashes": [
                "sha256:00243ae351a257117b6a241061796684b084ed1c516a08c48a3f7e147a9d80b4",
                "sha256:b36f1fef9334a5588b4166f8bcd26a14e521f2b55e6b9de3aaa80d3ff7a37529"
            ],
            "index": "pypi",
            "markers": "python_version >= '3.8'",
            "version": "==26.0"
        },
        "pipenv": {
            "hashes": [
                "sha256:3c76103a0e5d39a37d912accdf44e309e18ed0d8351b8c60897e5d4ed08cbefc",
                "sha256:5402ac5fb1dae2c3d89e504496502da21fa38ff7c293b2e289a809e2f77b036e"
            ],
            "index": "pypi",
            "markers": "python_version >= '3.10'",
            "version": "==2026.5.0"
        },
        "platformdirs": {
            "hashes": [
                "sha256:1ec356301b7dc906d83f371c8f487070e99d3ccf9e501686456394622a01a934",
                "sha256:68a9a4619a666ea6439f2ff250c12a853cd1cbd5158d258bd824a7df6be2f868"
            ],
            "index": "pypi",
            "markers": "python_version >= '3.10'",
            "version": "==4.9.4"
        },
        "python-discovery": {
            "hashes": [
                "sha256:180c4d114bff1c32462537eac5d6a332b768242b76b69c0259c7d14b1b680c9e",
                "sha256:b6a957b24c1cd79252484d3566d1b49527581d46e789aaf43181005e56201502"
            ],
            "index": "pypi",
            "markers": "python_version >= '3.8'",
            "version": "==1.2.1"
        },
        "setuptools": {
            "hashes": [
                "sha256:7d872682c5d01cfde07da7bccc7b65469d3dca203318515ada1de5eda35efbf9",
                "sha256:a59e362652f08dcd477c78bb6e7bd9d80a7995bc73ce773050228a348ce2e5bb"
            ],
            "markers": "python_version >= '3.9'",
            "version": "==82.0.1"
        },
        "sqlparse": {
            "hashes": [
                "sha256:12a08b3bf3eec877c519589833aed092e2444e68240a3577e8e26148acc7b1ba",
                "sha256:e20d4a9b0b8585fdf63b10d30066c7c94c5d7a7ec47c889a2d83a3caa93ff28e"
            ],
            "index": "pypi",
            "markers": "python_version >= '3.8'",
            "version": "==0.5.5"
        },
        "tzdata": {
            "hashes": [
                "sha256:06a47e5700f3081aab02b2e513160914ff0694bce9947d6b76ebd6bf57cfc5d1",
                "sha256:de39c2ca5dc7b0344f2eba86f49d614019d29f060fc4ebc8a417896a620b56a7"
            ],
            "index": "pypi",
            "markers": "python_version >= '2'",
            "version": "==2025.3"
        },
        "virtualenv": {
            "hashes": [
                "sha256:1720dc3a62ef5b443092e3f499228599045d7fea4c79199770499df8becf9098",
                "sha256:1bd755b504931164a5a496d217c014d098426cddc79363ad66ac78125f9d908f"
            ],
            "index": "pypi",
            "markers": "python_version >= '3.8'",
            "version": "==21.2.0"
        }
    },
    "develop": {}
}
